{
  "name": "pi-cursor-auth",
  "version": "0.2.2",
  "lockfileVersion": 3,
  "requires": true,
  "packages": {
    "": {
      "name": "pi-cursor-auth",
      "version": "0.2.2",
      "license": "MIT",
      "dependencies": {
        "@cursor/sdk": "1.0.27"
      },
      "devDependencies": {
        "@types/node": "^22.0.0",
        "typescript": "^5.6.0"
      }
    },
    "node_modules/@bufbuild/protobuf": {
      "version": "1.10.0",
      "license": "(Apache-2.0 AND BSD-3-Clause)"
    },
    "node_modules/@connectrpc/connect": {
      "version": "1.7.0",
      "license": "Apache-2.0",
      "peerDependencies": {
        "@bufbuild/protobuf": "^1.10.0"
      }
    },
    "node_modules/@connectrpc/connect-node": {
      "version": "1.7.0",
      "license": "Apache-2.0",
      "dependencies": {
        "undici": "^5.28.4"
      },
      "engines": {
        "node": ">=16.0.0"
      },
      "peerDependencies": {
        "@bufbuild/protobuf": "^1.10.0",
        "@connectrpc/connect": "1.7.0"
      }
    },
    "node_modules/@connectrpc/connect-web": {
      "version": "1.7.0",
      "license": "Apache-2.0",
      "peerDependencies": {
        "@bufbuild/protobuf": "^1.10.0",
        "@connectrpc/connect": "1.7.0"
      }
    },
    "node_modules/@cursor/sdk": {
      "version": "1.0.27",
      "license": "SEE LICENSE IN LICENSE.md",
      "dependencies": {
        "@bufbuild/protobuf": "1.10.0",
        "@connectrpc/connect": "^1.6.1",
        "@connectrpc/connect-node": "^1.6.1",
        "@connectrpc/connect-web": "^1.6.1",
        "@statsig/js-client": "3.31.0",
        "zod": "^3.25.0"
      },
      "engines": {
        "node": ">=22.13"
      },
      "optionalDependencies": {
        "@cursor/sdk-darwin-arm64": "1.0.27",
        "@cursor/sdk-darwin-x64": "1.0.27",
        "@cursor/sdk-linux-arm64": "1.0.27",
        "@cursor/sdk-linux-x64": "1.0.27",
        "@cursor/sdk-win32-x64": "1.0.27"
      }
    },
    "node_modules/@cursor/sdk-darwin-arm64": {
      "version": "1.0.27",
      "resolved": "https://registry.npmjs.org/@cursor/sdk-darwin-arm64/-/sdk-darwin-arm64-1.0.27.tgz",
      "integrity": "sha512-lO9chGVwb9lISwYtfolgF9IvTLR0Z0M8vd6AqwUfl607G/hesh+LICMD/tal2JWP0rm/hds66tIRo//M4RVupA==",
      "cpu": [
        "arm64"
      ],
      "license": "SEE LICENSE IN LICENSE.md",
      "optional": true,
      "os": [
        "darwin"
      ],
      "bin": {
        "rg": "bin/rg"
      }
    },
    "node_modules/@cursor/sdk-darwin-x64": {
      "version": "1.0.27",
      "resolved": "https://registry.npmjs.org/@cursor/sdk-darwin-x64/-/sdk-darwin-x64-1.0.27.tgz",
      "integrity": "sha512-moYR40uq0Mu2Runm7XWa60+8n9Epyah++fkaW/avAYMAel/qOeHTH/uiNKTjwuCledQmczCYWDTVlZQOGEhrxg==",
      "cpu": [
        "x64"
      ],
      "license": "SEE LICENSE IN LICENSE.md",
      "optional": true,
      "os": [
        "darwin"
      ],
      "bin": {
        "rg": "bin/rg"
      }
    },
    "node_modules/@cursor/sdk-linux-arm64": {
      "version": "1.0.27",
      "resolved": "https://registry.npmjs.org/@cursor/sdk-linux-arm64/-/sdk-linux-arm64-1.0.27.tgz",
      "integrity": "sha512-caDqO0RPYmaCbQYpJwTMT5YeVqP6WkZq1y7n5v1N3rlkjdaM2mWbkdSFEUL4GOTdkm8oIEx2diRNQ1hrJbVPYQ==",
      "cpu": [
        "arm64"
      ],
      "license": "SEE LICENSE IN LICENSE.md",
      "optional": true,
      "os": [
        "linux"
      ],
      "bin": {
        "rg": "bin/rg"
      }
    },
    "node_modules/@cursor/sdk-linux-x64": {
      "version": "1.0.27",
      "cpu": [
        "x64"
      ],
      "license": "SEE LICENSE IN LICENSE.md",
      "optional": true,
      "os": [
        "linux"
      ],
      "bin": {
        "rg": "bin/rg"
      }
    },
    "node_modules/@cursor/sdk-win32-x64": {
      "version": "1.0.27",
      "resolved": "https://registry.npmjs.org/@cursor/sdk-win32-x64/-/sdk-win32-x64-1.0.27.tgz",
      "integrity": "sha512-LbkimreWuz+FsyUcRKlvgwnWbXwzzcFexCUGkHCWNuO0JSspjhqUGfDtFFxhHU5ohMMy2FpzU7qs5wKzAc8NgA==",
      "cpu": [
        "x64"
      ],
      "license": "SEE LICENSE IN LICENSE.md",
      "optional": true,
      "os": [
        "win32"
      ],
      "bin": {
        "rg": "bin/rg.exe"
      }
    },
    "node_modules/@fastify/busboy": {
      "version": "2.1.1",
      "license": "MIT",
      "engines": {
        "node": ">=14"
      }
    },
    "node_modules/@statsig/client-core": {
      "version": "3.31.0",
      "license": "ISC"
    },
    "node_modules/@statsig/js-client": {
      "version": "3.31.0",
      "license": "ISC",
      "dependencies": {
        "@statsig/client-core": "3.31.0"
      }
    },
    "node_modules/@types/node": {
      "version": "22.20.1",
      "dev": true,
      "license": "MIT",
      "dependencies": {
        "undici-types": "~6.21.0"
      }
    },
    "node_modules/typescript": {
      "version": "5.9.3",
      "dev": true,
      "license": "Apache-2.0",
      "bin": {
        "tsc": "bin/tsc",
        "tsserver": "bin/tsserver"
      },
      "engines": {
        "node": ">=14.17"
      }
    },
    "node_modules/undici": {
      "version": "5.29.0",
      "license": "MIT",
      "dependencies": {
        "@fastify/busboy": "^2.0.0"
      },
      "engines": {
        "node": ">=14.0"
      }
    },
    "node_modules/undici-types": {
      "version": "6.21.0",
      "dev": true,
      "license": "MIT"
    },
    "node_modules/zod": {
      "version": "3.25.76",
      "license": "MIT",
      "funding": {
        "url": "https://github.com/sponsors/colinhacks"
      }
    }
  }
}
